<Solution>
  <Folder Name="/src/">
    <Project Path="src/SwiftBets.Steward.Api/SwiftBets.Steward.Api.csproj" />
    <Project Path="src/SwiftBets.Steward.Application/SwiftBets.Steward.Application.csproj" />
    <Project Path="src/SwiftBets.Steward.Domain/SwiftBets.Steward.Domain.csproj" />
    <Project Path="src/SwiftBets.Steward.Infrastructure/SwiftBets.Steward.Infrastructure.csproj" />
    <Project Path="src/SwiftBets.Steward.Migrator/SwiftBets.Steward.Migrator.csproj" />
  </Folder>
  <Folder Name="/tests/">
    <Project Path="tests/SwiftBets.Steward.Api.Tests/SwiftBets.Steward.Api.Tests.csproj" />
    <Project Path="tests/SwiftBets.Steward.ArchitectureTests/SwiftBets.Steward.ArchitectureTests.csproj" />
    <Project Path="tests/SwiftBets.Steward.Migrator.Tests/SwiftBets.Steward.Migrator.Tests.csproj" />
  </Folder>
</Solution>
